
Microsoft Visual Studio Solution File, Format Version 12.00
# Visual Studio Version 17
VisualStudioVersion = 17.14.36603.0 d17.14
MinimumVisualStudioVersion = 10.0.40219.1
Project("{FAE04EC0-301F-11D3-BF4B-00C04F79EFBC}") = "Form_Test", "Form_Test\Form_Test.csproj", "{BB4C9DCF-DA7B-4F05-A1AC-758F286368FB}"
EndProject
Global
	GlobalSection(SolutionConfigurationPlatforms) = preSolution
		Debug|Any CPU = Debug|Any CPU
		Release|Any CPU = Release|Any CPU
	EndGlobalSection
	GlobalSection(ProjectConfigurationPlatforms) = postSolution
		{BB4C9DCF-DA7B-4F05-A1AC-758F286368FB}.Debug|Any CPU.ActiveCfg = Debug|Any CPU
		{BB4C9DCF-DA7B-4F05-A1AC-758F286368FB}.Debug|Any CPU.Build.0 = Debug|Any CPU
		{BB4C9DCF-DA7B-4F05-A1AC-758F286368FB}.Release|Any CPU.ActiveCfg = Release|Any CPU
		{BB4C9DCF-DA7B-4F05-A1AC-758F286368FB}.Release|Any CPU.Build.0 = Release|Any CPU
	EndGlobalSection
	GlobalSection(SolutionProperties) = preSolution
		HideSolutionNode = FALSE
	EndGlobalSection
	GlobalSection(ExtensibilityGlobals) = postSolution
		SolutionGuid = {3B86BA0F-2198-4560-B748-F3E7441EC214}
	EndGlobalSection
EndGlobal
